
Microsoft Visual Studio Solution File, Format Version 12.00
# Visual Studio Version 16
VisualStudioVersion = 16.0.28917.181
MinimumVisualStudioVersion = 10.0.40219.1
Project("{9A19103F-16F7-4668-BE54-9A1E7A4F7556}") = "Distributer", "Distributer\Distributer.csproj", "{A6B1CA53-D430-4C71-8552-5945A9021F4D}"
EndProject
Project("{9A19103F-16F7-4668-BE54-9A1E7A4F7556}") = "DistributerNode", "DistributerNode\DistributerNode.csproj", "{00D00B39-023A-4D38-8DA3-70B4B7E881B1}"
EndProject
Project("{9A19103F-16F7-4668-BE54-9A1E7A4F7556}") = "DistributerLib", "DistributerLib\DistributerLib.csproj", "{76E5AB57-1080-47BA-B910-348D95F95E4F}"
EndProject
Project("{9A19103F-16F7-4668-BE54-9A1E7A4F7556}") = "Utils.NET", "..\..\Libraries\Utils.NET\Utils.NET\Utils.NET.csproj", "{921A32D8-EDDC-41FD-A613-3854C2C91DDE}"
EndProject
Project("{9A19103F-16F7-4668-BE54-9A1E7A4F7556}") = "Tbon.NET", "..\..\Libraries\Tbon.NET\Tbon.NET\Tbon.NET.csproj", "{C6390C22-883E-454E-A2A0-49FE43384CCE}"
EndProject
Global
	GlobalSection(SolutionConfigurationPlatforms) = preSolution
		Debug|Any CPU = Debug|Any CPU
		Release|Any CPU = Release|Any CPU
	EndGlobalSection
	GlobalSection(ProjectConfigurationPlatforms) = postSolution
		{A6B1CA53-D430-4C71-8552-5945A9021F4D}.Debug|Any CPU.ActiveCfg = Debug|Any CPU
		{A6B1CA53-D430-4C71-8552-5945A9021F4D}.Debug|Any CPU.Build.0 = Debug|Any CPU
		{A6B1CA53-D430-4C71-8552-5945A9021F4D}.Release|Any CPU.ActiveCfg = Release|Any CPU
		{A6B1CA53-D430-4C71-8552-5945A9021F4D}.Release|Any CPU.Build.0 = Release|Any CPU
		{00D00B39-023A-4D38-8DA3-70B4B7E881B1}.Debug|Any CPU.ActiveCfg = Debug|Any CPU
		{00D00B39-023A-4D38-8DA3-70B4B7E881B1}.Debug|Any CPU.Build.0 = Debug|Any CPU
		{00D00B39-023A-4D38-8DA3-70B4B7E881B1}.Release|Any CPU.ActiveCfg = Release|Any CPU
		{00D00B39-023A-4D38-8DA3-70B4B7E881B1}.Release|Any CPU.Build.0 = Release|Any CPU
		{76E5AB57-1080-47BA-B910-348D95F95E4F}.Debug|Any CPU.ActiveCfg = Debug|Any CPU
		{76E5AB57-1080-47BA-B910-348D95F95E4F}.Debug|Any CPU.Build.0 = Debug|Any CPU
		{76E5AB57-1080-47BA-B910-348D95F95E4F}.Release|Any CPU.ActiveCfg = Release|Any CPU
		{76E5AB57-1080-47BA-B910-348D95F95E4F}.Release|Any CPU.Build.0 = Release|Any CPU
		{921A32D8-EDDC-41FD-A613-3854C2C91DDE}.Debug|Any CPU.ActiveCfg = Debug|Any CPU
		{921A32D8-EDDC-41FD-A613-3854C2C91DDE}.Debug|Any CPU.Build.0 = Debug|Any CPU
		{921A32D8-EDDC-41FD-A613-3854C2C91DDE}.Release|Any CPU.ActiveCfg = Release|Any CPU
		{921A32D8-EDDC-41FD-A613-3854C2C91DDE}.Release|Any CPU.Build.0 = Release|Any CPU
		{C6390C22-883E-454E-A2A0-49FE43384CCE}.Debug|Any CPU.ActiveCfg = Debug|Any CPU
		{C6390C22-883E-454E-A2A0-49FE43384CCE}.Debug|Any CPU.Build.0 = Debug|Any CPU
		{C6390C22-883E-454E-A2A0-49FE43384CCE}.Release|Any CPU.ActiveCfg = Release|Any CPU
		{C6390C22-883E-454E-A2A0-49FE43384CCE}.Release|Any CPU.Build.0 = Release|Any CPU
	EndGlobalSection
	GlobalSection(SolutionProperties) = preSolution
		HideSolutionNode = FALSE
	EndGlobalSection
	GlobalSection(ExtensibilityGlobals) = postSolution
		SolutionGuid = {666A7C92-A90A-4E14-BE98-D3747CB513E3}
	EndGlobalSection
EndGlobal
